
Microsoft Visual Studio Solution File, Format Version 12.00
# Visual Studio Version 16
VisualStudioVersion = 16.0.31129.286
MinimumVisualStudioVersion = 10.0.40219.1
Project("{9A19103F-16F7-4668-BE54-9A1E7A4F7556}") = "AuthMicroService", "AuthMicroService.csproj", "{69789FC8-D197-493D-A1EB-C275659FE288}"
EndProject
Project("{FAE04EC0-301F-11D3-BF4B-00C04F79EFBC}") = "TestAuthMicroService", "..\TestAuthMicroService\TestAuthMicroService.csproj", "{C3CCFC4B-4F75-4536-BC54-EBAA93D8D3A6}"
EndProject
Global
	GlobalSection(SolutionConfigurationPlatforms) = preSolution
		Debug|Any CPU = Debug|Any CPU
		Release|Any CPU = Release|Any CPU
	EndGlobalSection
	GlobalSection(ProjectConfigurationPlatforms) = postSolution
		{69789FC8-D197-493D-A1EB-C275659FE288}.Debug|Any CPU.ActiveCfg = Debug|Any CPU
		{69789FC8-D197-493D-A1EB-C275659FE288}.Debug|Any CPU.Build.0 = Debug|Any CPU
		{69789FC8-D197-493D-A1EB-C275659FE288}.Release|Any CPU.ActiveCfg = Release|Any CPU
		{69789FC8-D197-493D-A1EB-C275659FE288}.Release|Any CPU.Build.0 = Release|Any CPU
		{C3CCFC4B-4F75-4536-BC54-EBAA93D8D3A6}.Debug|Any CPU.ActiveCfg = Debug|Any CPU
		{C3CCFC4B-4F75-4536-BC54-EBAA93D8D3A6}.Debug|Any CPU.Build.0 = Debug|Any CPU
		{C3CCFC4B-4F75-4536-BC54-EBAA93D8D3A6}.Release|Any CPU.ActiveCfg = Release|Any CPU
		{C3CCFC4B-4F75-4536-BC54-EBAA93D8D3A6}.Release|Any CPU.Build.0 = Release|Any CPU
	EndGlobalSection
	GlobalSection(SolutionProperties) = preSolution
		HideSolutionNode = FALSE
	EndGlobalSection
	GlobalSection(ExtensibilityGlobals) = postSolution
		SolutionGuid = {EA2ADE51-C6F5-47F4-9AC9-E586C32A9B35}
	EndGlobalSection
EndGlobal
